
Microsoft Visual Studio Solution File, Format Version 12.00
# Visual Studio Version 17
VisualStudioVersion = 17.0.32112.339
MinimumVisualStudioVersion = 10.0.40219.1
Project("{FAE04EC0-301F-11D3-BF4B-00C04F79EFBC}") = "LabDzienNaWyscigach", "LabDzieńNaWyścigach\LabDzienNaWyscigach.csproj", "{9F69D0A4-F990-4FBE-A2CD-CAB6ADD800DC}"
EndProject
Global
	GlobalSection(SolutionConfigurationPlatforms) = preSolution
		Debug|Any CPU = Debug|Any CPU
		Release|Any CPU = Release|Any CPU
	EndGlobalSection
	GlobalSection(ProjectConfigurationPlatforms) = postSolution
		{9F69D0A4-F990-4FBE-A2CD-CAB6ADD800DC}.Debug|Any CPU.ActiveCfg = Debug|Any CPU
		{9F69D0A4-F990-4FBE-A2CD-CAB6ADD800DC}.Debug|Any CPU.Build.0 = Debug|Any CPU
		{9F69D0A4-F990-4FBE-A2CD-CAB6ADD800DC}.Release|Any CPU.ActiveCfg = Release|Any CPU
		{9F69D0A4-F990-4FBE-A2CD-CAB6ADD800DC}.Release|Any CPU.Build.0 = Release|Any CPU
	EndGlobalSection
	GlobalSection(SolutionProperties) = preSolution
		HideSolutionNode = FALSE
	EndGlobalSection
	GlobalSection(ExtensibilityGlobals) = postSolution
		SolutionGuid = {321FB448-D54D-4536-8F95-0C1CB006525C}
	EndGlobalSection
EndGlobal
